// !$*UTF8*$!
{
	archiveVersion = 1;
	classes = {
	};
	objectVersion = 56;
	objects = {

/* Begin PBXBuildFile section */
		D31701192A81033900B95475 /* HomeViewController.swift in Sources */ = {isa = PBXBuildFile; fileRef = D31701182A81033900B95475 /* HomeViewController.swift */; };
		D317011B2A8103ED00B95475 /* uiview+Extention.swift in Sources */ = {isa = PBXBuildFile; fileRef = D317011A2A8103ED00B95475 /* uiview+Extention.swift */; };
		D317011D2A8104C200B95475 /* UiViewController+Etention.swift in Sources */ = {isa = PBXBuildFile; fileRef = D317011C2A8104C200B95475 /* UiViewController+Etention.swift */; };
		D31701242A810C2C00B95475 /* card view.swift in Sources */ = {isa = PBXBuildFile; fileRef = D31701232A810C2C00B95475 /* card view.swift */; };
		D31701262A81113300B95475 /* custom tabBar.swift in Sources */ = {isa = PBXBuildFile; fileRef = D31701252A81113300B95475 /* custom tabBar.swift */; };
		D31701282A82854200B95475 /* popularCoffee.swift in Sources */ = {isa = PBXBuildFile; fileRef = D31701272A82854200B95475 /* popularCoffee.swift */; };
		D317012A2A8285B600B95475 /* coffeeShop.swift in Sources */ = {isa = PBXBuildFile; fileRef = D31701292A8285B600B95475 /* coffeeShop.swift */; };
		D317012C2A82860400B95475 /* shopSpecial.swift in Sources */ = {isa = PBXBuildFile; fileRef = D317012B2A82860400B95475 /* shopSpecial.swift */; };
		D31701302A82865400B95475 /* popularCoffeeCollectionViewCell.swift in Sources */ = {isa = PBXBuildFile; fileRef = D317012E2A82865400B95475 /* popularCoffeeCollectionViewCell.swift */; };
		D31701312A82865400B95475 /* popularCoffeeCollectionViewCell.xib in Resources */ = {isa = PBXBuildFile; fileRef = D317012F2A82865400B95475 /* popularCoffeeCollectionViewCell.xib */; };
		D31701362A82868E00B95475 /* nearestCoffeeCollectionViewCell.swift in Sources */ = {isa = PBXBuildFile; fileRef = D31701342A82868E00B95475 /* nearestCoffeeCollectionViewCell.swift */; };
		D31701372A82868E00B95475 /* nearestCoffeeCollectionViewCell.xib in Resources */ = {isa = PBXBuildFile; fileRef = D31701352A82868E00B95475 /* nearestCoffeeCollectionViewCell.xib */; };
		D3299F8F2A80055E0052BDCB /* AppDelegate.swift in Sources */ = {isa = PBXBuildFile; fileRef = D3299F8E2A80055E0052BDCB /* AppDelegate.swift */; };
		D3299F912A80055E0052BDCB /* SceneDelegate.swift in Sources */ = {isa = PBXBuildFile; fileRef = D3299F902A80055E0052BDCB /* SceneDelegate.swift */; };
		D3299F962A80055E0052BDCB /* Main.storyboard in Resources */ = {isa = PBXBuildFile; fileRef = D3299F942A80055E0052BDCB /* Main.storyboard */; };
		D3299F992A80055E0052BDCB /* coffee_App.xcdatamodeld in Sources */ = {isa = PBXBuildFile; fileRef = D3299F972A80055E0052BDCB /* coffee_App.xcdatamodeld */; };
		D3299F9B2A8005600052BDCB /* Assets.xcassets in Resources */ = {isa = PBXBuildFile; fileRef = D3299F9A2A8005600052BDCB /* Assets.xcassets */; };
		D3299F9E2A8005600052BDCB /* LaunchScreen.storyboard in Resources */ = {isa = PBXBuildFile; fileRef = D3299F9C2A8005600052BDCB /* LaunchScreen.storyboard */; };
/* End PBXBuildFile section */

/* Begin PBXFileReference section */
		D31701182A81033900B95475 /* HomeViewController.swift */ = {isa = PBXFileReference; lastKnownFileType = sourcecode.swift; path = HomeViewController.swift; sourceTree = "<group>"; };
		D317011A2A8103ED00B95475 /* uiview+Extention.swift */ = {isa = PBXFileReference; lastKnownFileType = sourcecode.swift; path = "uiview+Extention.swift"; sourceTree = "<group>"; };
		D317011C2A8104C200B95475 /* UiViewController+Etention.swift */ = {isa = PBXFileReference; lastKnownFileType = sourcecode.swift; path = "UiViewController+Etention.swift"; sourceTree = "<group>"; };
		D31701232A810C2C00B95475 /* card view.swift */ = {isa = PBXFileReference; lastKnownFileType = sourcecode.swift; path = "card view.swift"; sourceTree = "<group>"; };
		D31701252A81113300B95475 /* custom tabBar.swift */ = {isa = PBXFileReference; lastKnownFileType = sourcecode.swift; path = "custom tabBar.swift"; sourceTree = "<group>"; };
		D31701272A82854200B95475 /* popularCoffee.swift */ = {isa = PBXFileReference; lastKnownFileType = sourcecode.swift; path = popularCoffee.swift; sourceTree = "<group>"; };
		D31701292A8285B600B95475 /* coffeeShop.swift */ = {isa = PBXFileReference; lastKnownFileType = sourcecode.swift; path = coffeeShop.swift; sourceTree = "<group>"; };
		D317012B2A82860400B95475 /* shopSpecial.swift */ = {isa = PBXFileReference; lastKnownFileType = sourcecode.swift; path = shopSpecial.swift; sourceTree = "<group>"; };
		D317012E2A82865400B95475 /* popularCoffeeCollectionViewCell.swift */ = {isa = PBXFileReference; lastKnownFileType = sourcecode.swift; path = popularCoffeeCollectionViewCell.swift; sourceTree = "<group>"; };
		D317012F2A82865400B95475 /* popularCoffeeCollectionViewCell.xib */ = {isa = PBXFileReference; lastKnownFileType = file.xib; path = popularCoffeeCollectionViewCell.xib; sourceTree = "<group>"; };
		D31701342A82868E00B95475 /* nearestCoffeeCollectionViewCell.swift */ = {isa = PBXFileReference; lastKnownFileType = sourcecode.swift; path = nearestCoffeeCollectionViewCell.swift; sourceTree = "<group>"; };
		D31701352A82868E00B95475 /* nearestCoffeeCollectionViewCell.xib */ = {isa = PBXFileReference; lastKnownFileType = file.xib; path = nearestCoffeeCollectionViewCell.xib; sourceTree = "<group>"; };
		D3299F8B2A80055E0052BDCB /* coffee_App.app */ = {isa = PBXFileReference; explicitFileType = wrapper.application; includeInIndex = 0; path = coffee_App.app; sourceTree = BUILT_PRODUCTS_DIR; };
		D3299F8E2A80055E0052BDCB /* AppDelegate.swift */ = {isa = PBXFileReference; lastKnownFileType = sourcecode.swift; path = AppDelegate.swift; sourceTree = "<group>"; };
		D3299F902A80055E0052BDCB /* SceneDelegate.swift */ = {isa = PBXFileReference; lastKnownFileType = sourcecode.swift; path = SceneDelegate.swift; sourceTree = "<group>"; };
		D3299F952A80055E0052BDCB /* Base */ = {isa = PBXFileReference; lastKnownFileType = file.storyboard; name = Base; path = Base.lproj/Main.storyboard; sourceTree = "<group>"; };
		D3299F982A80055E0052BDCB /* coffee_App.xcdatamodel */ = {isa = PBXFileReference; lastKnownFileType = wrapper.xcdatamodel; path = coffee_App.xcdatamodel; sourceTree = "<group>"; };
		D3299F9A2A8005600052BDCB /* Assets.xcassets */ = {isa = PBXFileReference; lastKnownFileType = folder.assetcatalog; path = Assets.xcassets; sourceTree = "<group>"; };
		D3299F9D2A8005600052BDCB /* Base */ = {isa = PBXFileReference; lastKnownFileType = file.storyboard; name = Base; path = Base.lproj/LaunchScreen.storyboard; sourceTree = "<group>"; };
		D3299F9F2A8005600052BDCB /* Info.plist */ = {isa = PBXFileReference; lastKnownFileType = text.plist.xml; path = Info.plist; sourceTree = "<group>"; };
/* End PBXFileReference section */

/* Begin PBXFrameworksBuildPhase section */
		D3299F882A80055E0052BDCB /* Frameworks */ = {
			isa = PBXFrameworksBuildPhase;
			buildActionMask = 2147483647;
			files = (
			);
			runOnlyForDeploymentPostprocessing = 0;
		};
/* End PBXFrameworksBuildPhase section */

/* Begin PBXGroup section */
		D31701122A8100EC00B95475 /* Screens */ = {
			isa = PBXGroup;
			children = (
				D31701132A8100F900B95475 /* custom TabBar */,
				D3299F9C2A8005600052BDCB /* LaunchScreen.storyboard */,
			);
			path = Screens;
			sourceTree = "<group>";
		};
		D31701132A8100F900B95475 /* custom TabBar */ = {
			isa = PBXGroup;
			children = (
				D31701182A81033900B95475 /* HomeViewController.swift */,
				D3299F942A80055E0052BDCB /* Main.storyboard */,
			);
			path = "custom TabBar";
			sourceTree = "<group>";
		};
		D31701142A8100FC00B95475 /* Model */ = {
			isa = PBXGroup;
			children = (
				D31701272A82854200B95475 /* popularCoffee.swift */,
				D31701292A8285B600B95475 /* coffeeShop.swift */,
				D317012B2A82860400B95475 /* shopSpecial.swift */,
			);
			path = Model;
			sourceTree = "<group>";
		};
		D31701152A8100FF00B95475 /* Extentions */ = {
			isa = PBXGroup;
			children = (
				D317011A2A8103ED00B95475 /* uiview+Extention.swift */,
				D317011C2A8104C200B95475 /* UiViewController+Etention.swift */,
			);
			path = Extentions;
			sourceTree = "<group>";
		};
		D31701162A81010200B95475 /* Utilities */ = {
			isa = PBXGroup;
			children = (
				D3299F902A80055E0052BDCB /* SceneDelegate.swift */,
				D3299F8E2A80055E0052BDCB /* AppDelegate.swift */,
			);
			path = Utilities;
			sourceTree = "<group>";
		};
		D31701172A81013100B95475 /* custom Component */ = {
			isa = PBXGroup;
			children = (
				D317012D2A82862F00B95475 /* collectionViewCell */,
				D31701232A810C2C00B95475 /* card view.swift */,
				D31701252A81113300B95475 /* custom tabBar.swift */,
			);
			path = "custom Component";
			sourceTree = "<group>";
		};
		D317012D2A82862F00B95475 /* collectionViewCell */ = {
			isa = PBXGroup;
			children = (
				D31701332A82867000B95475 /* nearestCoffee */,
				D31701322A82865D00B95475 /* popularCoffee */,
			);
			path = collectionViewCell;
			sourceTree = "<group>";
		};
		D31701322A82865D00B95475 /* popularCoffee */ = {
			isa = PBXGroup;
			children = (
				D317012E2A82865400B95475 /* popularCoffeeCollectionViewCell.swift */,
				D317012F2A82865400B95475 /* popularCoffeeCollectionViewCell.xib */,
			);
			path = popularCoffee;
			sourceTree = "<group>";
		};
		D31701332A82867000B95475 /* nearestCoffee */ = {
			isa = PBXGroup;
			children = (
				D31701342A82868E00B95475 /* nearestCoffeeCollectionViewCell.swift */,
				D31701352A82868E00B95475 /* nearestCoffeeCollectionViewCell.xib */,
			);
			path = nearestCoffee;
			sourceTree = "<group>";
		};
		D3299F822A80055E0052BDCB = {
			isa = PBXGroup;
			children = (
				D3299F8D2A80055E0052BDCB /* coffee_App */,
				D3299F8C2A80055E0052BDCB /* Products */,
			);
			sourceTree = "<group>";
		};
		D3299F8C2A80055E0052BDCB /* Products */ = {
			isa = PBXGroup;
			children = (
				D3299F8B2A80055E0052BDCB /* coffee_App.app */,
			);
			name = Products;
			sourceTree = "<group>";
		};
		D3299F8D2A80055E0052BDCB /* coffee_App */ = {
			isa = PBXGroup;
			children = (
				D31701172A81013100B95475 /* custom Component */,
				D31701162A81010200B95475 /* Utilities */,
				D31701152A8100FF00B95475 /* Extentions */,
				D31701142A8100FC00B95475 /* Model */,
				D31701122A8100EC00B95475 /* Screens */,
				D3299F9A2A8005600052BDCB /* Assets.xcassets */,
				D3299F9F2A8005600052BDCB /* Info.plist */,
				D3299F972A80055E0052BDCB /* coffee_App.xcdatamodeld */,
			);
			path = coffee_App;
			sourceTree = "<group>";
		};
/* End PBXGroup section */

/* Begin PBXNativeTarget section */
		D3299F8A2A80055E0052BDCB /* coffee_App */ = {
			isa = PBXNativeTarget;
			buildConfigurationList = D3299FA22A8005600052BDCB /* Build configuration list for PBXNativeTarget "coffee_App" */;
			buildPhases = (
				D3299F872A80055E0052BDCB /* Sources */,
				D3299F882A80055E0052BDCB /* Frameworks */,
				D3299F892A80055E0052BDCB /* Resources */,
			);
			buildRules = (
			);
			dependencies = (
			);
			name = coffee_App;
			productName = coffee_App;
			productReference = D3299F8B2A80055E0052BDCB /* coffee_App.app */;
			productType = "com.apple.product-type.application";
		};
/* End PBXNativeTarget section */

/* Begin PBXProject section */
		D3299F832A80055E0052BDCB /* Project object */ = {
			isa = PBXProject;
			attributes = {
				BuildIndependentTargetsInParallel = 1;
				LastSwiftUpdateCheck = 1430;
				LastUpgradeCheck = 1430;
				TargetAttributes = {
					D3299F8A2A80055E0052BDCB = {
						CreatedOnToolsVersion = 14.3.1;
					};
				};
			};
			buildConfigurationList = D3299F862A80055E0052BDCB /* Build configuration list for PBXProject "coffee_App" */;
			compatibilityVersion = "Xcode 14.0";
			developmentRegion = en;
			hasScannedForEncodings = 0;
			knownRegions = (
				en,
				Base,
			);
			mainGroup = D3299F822A80055E0052BDCB;
			productRefGroup = D3299F8C2A80055E0052BDCB /* Products */;
			projectDirPath = "";
			projectRoot = "";
			targets = (
				D3299F8A2A80055E0052BDCB /* coffee_App */,
			);
		};
/* End PBXProject section */

/* Begin PBXResourcesBuildPhase section */
		D3299F892A80055E0052BDCB /* Resources */ = {
			isa = PBXResourcesBuildPhase;
			buildActionMask = 2147483647;
			files = (
				D3299F9E2A8005600052BDCB /* LaunchScreen.storyboard in Resources */,
				D3299F9B2A8005600052BDCB /* Assets.xcassets in Resources */,
				D31701312A82865400B95475 /* popularCoffeeCollectionViewCell.xib in Resources */,
				D31701372A82868E00B95475 /* nearestCoffeeCollectionViewCell.xib in Resources */,
				D3299F962A80055E0052BDCB /* Main.storyboard in Resources */,
			);
			runOnlyForDeploymentPostprocessing = 0;
		};
/* End PBXResourcesBuildPhase section */

/* Begin PBXSourcesBuildPhase section */
		D3299F872A80055E0052BDCB /* Sources */ = {
			isa = PBXSourcesBuildPhase;
			buildActionMask = 2147483647;
			files = (
				D31701362A82868E00B95475 /* nearestCoffeeCollectionViewCell.swift in Sources */,
				D31701282A82854200B95475 /* popularCoffee.swift in Sources */,
				D317012A2A8285B600B95475 /* coffeeShop.swift in Sources */,
				D3299F8F2A80055E0052BDCB /* AppDelegate.swift in Sources */,
				D317011B2A8103ED00B95475 /* uiview+Extention.swift in Sources */,
				D3299F912A80055E0052BDCB /* SceneDelegate.swift in Sources */,
				D3299F992A80055E0052BDCB /* coffee_App.xcdatamodeld in Sources */,
				D317011D2A8104C200B95475 /* UiViewController+Etention.swift in Sources */,
				D31701262A81113300B95475 /* custom tabBar.swift in Sources */,
				D31701192A81033900B95475 /* HomeViewController.swift in Sources */,
				D317012C2A82860400B95475 /* shopSpecial.swift in Sources */,
				D31701302A82865400B95475 /* popularCoffeeCollectionViewCell.swift in Sources */,
				D31701242A810C2C00B95475 /* card view.swift in Sources */,
			);
			runOnlyForDeploymentPostprocessing = 0;
		};
/* End PBXSourcesBuildPhase section */

/* Begin PBXVariantGroup section */
		D3299F942A80055E0052BDCB /* Main.storyboard */ = {
			isa = PBXVariantGroup;
			children = (
				D3299F952A80055E0052BDCB /* Base */,
			);
			name = Main.storyboard;
			sourceTree = "<group>";
		};
		D3299F9C2A8005600052BDCB /* LaunchScreen.storyboard */ = {
			isa = PBXVariantGroup;
			children = (
				D3299F9D2A8005600052BDCB /* Base */,
			);
			name = LaunchScreen.storyboard;
			sourceTree = "<group>";
		};
/* End PBXVariantGroup section */

/* Begin XCBuildConfiguration section */
		D3299FA02A8005600052BDCB /* Debug */ = {
			isa = XCBuildConfiguration;
			buildSettings = {
				ALWAYS_SEARCH_USER_PATHS = NO;
				CLANG_ANALYZER_NONNULL = YES;
				CLANG_ANALYZER_NUMBER_OBJECT_CONVERSION = YES_AGGRESSIVE;
				CLANG_CXX_LANGUAGE_STANDARD = "gnu++20";
				CLANG_ENABLE_MODULES = YES;
				CLANG_ENABLE_OBJC_ARC = YES;
				CLANG_ENABLE_OBJC_WEAK = YES;
				CLANG_WARN_BLOCK_CAPTURE_AUTORELEASING = YES;
				CLANG_WARN_BOOL_CONVERSION = YES;
				CLANG_WARN_COMMA = YES;
				CLANG_WARN_CONSTANT_CONVERSION = YES;
				CLANG_WARN_DEPRECATED_OBJC_IMPLEMENTATIONS = YES;
				CLANG_WARN_DIRECT_OBJC_ISA_USAGE = YES_ERROR;
				CLANG_WARN_DOCUMENTATION_COMMENTS = YES;
				CLANG_WARN_EMPTY_BODY = YES;
				CLANG_WARN_ENUM_CONVERSION = YES;
				CLANG_WARN_INFINITE_RECURSION = YES;
				CLANG_WARN_INT_CONVERSION = YES;
				CLANG_WARN_NON_LITERAL_NULL_CONVERSION = YES;
				CLANG_WARN_OBJC_IMPLICIT_RETAIN_SELF = YES;
				CLANG_WARN_OBJC_LITERAL_CONVERSION = YES;
				CLANG_WARN_OBJC_ROOT_CLASS = YES_ERROR;
				CLANG_WARN_QUOTED_INCLUDE_IN_FRAMEWORK_HEADER = YES;
				CLANG_WARN_RANGE_LOOP_ANALYSIS = YES;
				CLANG_WARN_STRICT_PROTOTYPES = YES;
				CLANG_WARN_SUSPICIOUS_MOVE = YES;
				CLANG_WARN_UNGUARDED_AVAILABILITY = YES_AGGRESSIVE;
				CLANG_WARN_UNREACHABLE_CODE = YES;
				CLANG_WARN__DUPLICATE_METHOD_MATCH = YES;
				COPY_PHASE_STRIP = NO;
				DEBUG_INFORMATION_FORMAT = dwarf;
				ENABLE_STRICT_OBJC_MSGSEND = YES;
				ENABLE_TESTABILITY = YES;
				GCC_C_LANGUAGE_STANDARD = gnu11;
				GCC_DYNAMIC_NO_PIC = NO;
				GCC_NO_COMMON_BLOCKS = YES;
				GCC_OPTIMIZATION_LEVEL = 0;
				GCC_PREPROCESSOR_DEFINITIONS = (
					"DEBUG=1",
					"$(inherited)",
				);
				GCC_WARN_64_TO_32_BIT_CONVERSION = YES;
				GCC_WARN_ABOUT_RETURN_TYPE = YES_ERROR;
				GCC_WARN_UNDECLARED_SELECTOR = YES;
				GCC_WARN_UNINITIALIZED_AUTOS = YES_AGGRESSIVE;
				GCC_WARN_UNUSED_FUNCTION = YES;
				GCC_WARN_UNUSED_VARIABLE = YES;
				IPHONEOS_DEPLOYMENT_TARGET = 16.4;
				MTL_ENABLE_DEBUG_INFO = INCLUDE_SOURCE;
				MTL_FAST_MATH = YES;
				ONLY_ACTIVE_ARCH = YES;
				SDKROOT = iphoneos;
				SWIFT_ACTIVE_COMPILATION_CONDITIONS = DEBUG;
				SWIFT_OPTIMIZATION_LEVEL = "-Onone";
			};
			name = Debug;
		};
		D3299FA12A8005600052BDCB /* Release */ = {
			isa = XCBuildConfiguration;
			buildSettings = {
				ALWAYS_SEARCH_USER_PATHS = NO;
				CLANG_ANALYZER_NONNULL = YES;
				CLANG_ANALYZER_NUMBER_OBJECT_CONVERSION = YES_AGGRESSIVE;
				CLANG_CXX_LANGUAGE_STANDARD = "gnu++20";
				CLANG_ENABLE_MODULES = YES;
				CLANG_ENABLE_OBJC_ARC = YES;
				CLANG_ENABLE_OBJC_WEAK = YES;
				CLANG_WARN_BLOCK_CAPTURE_AUTORELEASING = YES;
				CLANG_WARN_BOOL_CONVERSION = YES;
				CLANG_WARN_COMMA = YES;
				CLANG_WARN_CONSTANT_CONVERSION = YES;
				CLANG_WARN_DEPRECATED_OBJC_IMPLEMENTATIONS = YES;
				CLANG_WARN_DIRECT_OBJC_ISA_USAGE = YES_ERROR;
				CLANG_WARN_DOCUMENTATION_COMMENTS = YES;
				CLANG_WARN_EMPTY_BODY = YES;
				CLANG_WARN_ENUM_CONVERSION = YES;
				CLANG_WARN_INFINITE_RECURSION = YES;
				CLANG_WARN_INT_CONVERSION = YES;
				CLANG_WARN_NON_LITERAL_NULL_CONVERSION = YES;
				CLANG_WARN_OBJC_IMPLICIT_RETAIN_SELF = YES;
				CLANG_WARN_OBJC_LITERAL_CONVERSION = YES;
				CLANG_WARN_OBJC_ROOT_CLASS = YES_ERROR;
				CLANG_WARN_QUOTED_INCLUDE_IN_FRAMEWORK_HEADER = YES;
				CLANG_WARN_RANGE_LOOP_ANALYSIS = YES;
				CLANG_WARN_STRICT_PROTOTYPES = YES;
				CLANG_WARN_SUSPICIOUS_MOVE = YES;
				CLANG_WARN_UNGUARDED_AVAILABILITY = YES_AGGRESSIVE;
				CLANG_WARN_UNREACHABLE_CODE = YES;
				CLANG_WARN__DUPLICATE_METHOD_MATCH = YES;
				COPY_PHASE_STRIP = NO;
				DEBUG_INFORMATION_FORMAT = "dwarf-with-dsym";
				ENABLE_NS_ASSERTIONS = NO;
				ENABLE_STRICT_OBJC_MSGSEND = YES;
				GCC_C_LANGUAGE_STANDARD = gnu11;
				GCC_NO_COMMON_BLOCKS = YES;
				GCC_WARN_64_TO_32_BIT_CONVERSION = YES;
				GCC_WARN_ABOUT_RETURN_TYPE = YES_ERROR;
				GCC_WARN_UNDECLARED_SELECTOR = YES;
				GCC_WARN_UNINITIALIZED_AUTOS = YES_AGGRESSIVE;
				GCC_WARN_UNUSED_FUNCTION = YES;
				GCC_WARN_UNUSED_VARIABLE = YES;
				IPHONEOS_DEPLOYMENT_TARGET = 16.4;
				MTL_ENABLE_DEBUG_INFO = NO;
				MTL_FAST_MATH = YES;
				SDKROOT = iphoneos;
				SWIFT_COMPILATION_MODE = wholemodule;
				SWIFT_OPTIMIZATION_LEVEL = "-O";
				VALIDATE_PRODUCT = YES;
			};
			name = Release;
		};
		D3299FA32A8005600052BDCB /* Debug */ = {
			isa = XCBuildConfiguration;
			buildSettings = {
				ASSETCATALOG_COMPILER_APPICON_NAME = AppIcon;
				ASSETCATALOG_COMPILER_GLOBAL_ACCENT_COLOR_NAME = AccentColor;
				CODE_SIGN_STYLE = Automatic;
				CURRENT_PROJECT_VERSION = 1;
				DEVELOPMENT_TEAM = Y9WFT4L662;
				GENERATE_INFOPLIST_FILE = YES;
				INFOPLIST_FILE = coffee_App/Info.plist;
				INFOPLIST_KEY_UIApplicationSupportsIndirectInputEvents = YES;
				INFOPLIST_KEY_UILaunchStoryboardName = LaunchScreen;
				INFOPLIST_KEY_UIMainStoryboardFile = Main;
				INFOPLIST_KEY_UISupportedInterfaceOrientations_iPad = "UIInterfaceOrientationPortrait UIInterfaceOrientationPortraitUpsideDown UIInterfaceOrientationLandscapeLeft UIInterfaceOrientationLandscapeRight";
				INFOPLIST_KEY_UISupportedInterfaceOrientations_iPhone = "UIInterfaceOrientationPortrait UIInterfaceOrientationLandscapeLeft UIInterfaceOrientationLandscapeRight";
				LD_RUNPATH_SEARCH_PATHS = (
					"$(inherited)",
					"@executable_path/Frameworks",
				);
				MARKETING_VERSION = 1.0;
				PRODUCT_BUNDLE_IDENTIFIER = "MohamedAbdelElhakam.coffee-App";
				PRODUCT_NAME = "$(TARGET_NAME)";
				SWIFT_EMIT_LOC_STRINGS = YES;
				SWIFT_VERSION = 5.0;
				TARGETED_DEVICE_FAMILY = "1,2";
			};
			name = Debug;
		};
		D3299FA42A8005600052BDCB /* Release */ = {
			isa = XCBuildConfiguration;
			buildSettings = {
				ASSETCATALOG_COMPILER_APPICON_NAME = AppIcon;
				ASSETCATALOG_COMPILER_GLOBAL_ACCENT_COLOR_NAME = AccentColor;
				CODE_SIGN_STYLE = Automatic;
				CURRENT_PROJECT_VERSION = 1;
				DEVELOPMENT_TEAM = Y9WFT4L662;
				GENERATE_INFOPLIST_FILE = YES;
				INFOPLIST_FILE = coffee_App/Info.plist;
				INFOPLIST_KEY_UIApplicationSupportsIndirectInputEvents = YES;
				INFOPLIST_KEY_UILaunchStoryboardName = LaunchScreen;
				INFOPLIST_KEY_UIMainStoryboardFile = Main;
				INFOPLIST_KEY_UISupportedInterfaceOrientations_iPad = "UIInterfaceOrientationPortrait UIInterfaceOrientationPortraitUpsideDown UIInterfaceOrientationLandscapeLeft UIInterfaceOrientationLandscapeRight";
				INFOPLIST_KEY_UISupportedInterfaceOrientations_iPhone = "UIInterfaceOrientationPortrait UIInterfaceOrientationLandscapeLeft UIInterfaceOrientationLandscapeRight";
				LD_RUNPATH_SEARCH_PATHS = (
					"$(inherited)",
					"@executable_path/Frameworks",
				);
				MARKETING_VERSION = 1.0;
				PRODUCT_BUNDLE_IDENTIFIER = "MohamedAbdelElhakam.coffee-App";
				PRODUCT_NAME = "$(TARGET_NAME)";
				SWIFT_EMIT_LOC_STRINGS = YES;
				SWIFT_VERSION = 5.0;
				TARGETED_DEVICE_FAMILY = "1,2";
			};
			name = Release;
		};
/* End XCBuildConfiguration section */

/* Begin XCConfigurationList section */
		D3299F862A80055E0052BDCB /* Build configuration list for PBXProject "coffee_App" */ = {
			isa = XCConfigurationList;
			buildConfigurations = (
				D3299FA02A8005600052BDCB /* Debug */,
				D3299FA12A8005600052BDCB /* Release */,
			);
			defaultConfigurationIsVisible = 0;
			defaultConfigurationName = Release;
		};
		D3299FA22A8005600052BDCB /* Build configuration list for PBXNativeTarget "coffee_App" */ = {
			isa = XCConfigurationList;
			buildConfigurations = (
				D3299FA32A8005600052BDCB /* Debug */,
				D3299FA42A8005600052BDCB /* Release */,
			);
			defaultConfigurationIsVisible = 0;
			defaultConfigurationName = Release;
		};
/* End XCConfigurationList section */

/* Begin XCVersionGroup section */
		D3299F972A80055E0052BDCB /* coffee_App.xcdatamodeld */ = {
			isa = XCVersionGroup;
			children = (
				D3299F982A80055E0052BDCB /* coffee_App.xcdatamodel */,
			);
			currentVersion = D3299F982A80055E0052BDCB /* coffee_App.xcdatamodel */;
			path = coffee_App.xcdatamodeld;
			sourceTree = "<group>";
			versionGroupType = wrapper.xcdatamodel;
		};
/* End XCVersionGroup section */
	};
	rootObject = D3299F832A80055E0052BDCB /* Project object */;
}
